github.com/gocarina/gocsv v0.0.0-20220310154401-d4df709ca055 h1:UfcDMw41lSx3XM7UvD1i7Fsu3rMgD55OU5LYwLoR/Yk=
github.com/gocarina/gocsv v0.0.0-20220310154401-d4df709ca055/go.mod h1:5YoVOkjYAQumqlV356Hj3xeYh4BdZuLE0/nRkf2NKkI=
github.com/umahmood/haversine v0.0.0-20151105152445-808ab04add26 h1:UFHFmFfixpmfRBcxuu+LA9l8MdURWVdVNUHxO5n1d2w=
github.com/umahmood/haversine v0.0.0-20151105152445-808ab04add26/go.mod h1:IGhd0qMDsUa9acVjsbsT7bu3ktadtGOHI79+idTew/M=
